
Microsoft Visual Studio Solution File, Format Version 12.00
# Visual Studio Version 16
VisualStudioVersion = 16.0.29728.190
MinimumVisualStudioVersion = 10.0.40219.1
Project("{FAE04EC0-301F-11D3-BF4B-00C04F79EFBC}") = "Fraction calculator", "Fraction calculator\Fraction calculator.csproj", "{A3813F8D-9387-4A2F-93A1-0B4426E48364}"
EndProject
Global
	GlobalSection(SolutionConfigurationPlatforms) = preSolution
		Debug|Any CPU = Debug|Any CPU
		Release|Any CPU = Release|Any CPU
	EndGlobalSection
	GlobalSection(ProjectConfigurationPlatforms) = postSolution
		{A3813F8D-9387-4A2F-93A1-0B4426E48364}.Debug|Any CPU.ActiveCfg = Debug|Any CPU
		{A3813F8D-9387-4A2F-93A1-0B4426E48364}.Debug|Any CPU.Build.0 = Debug|Any CPU
		{A3813F8D-9387-4A2F-93A1-0B4426E48364}.Release|Any CPU.ActiveCfg = Release|Any CPU
		{A3813F8D-9387-4A2F-93A1-0B4426E48364}.Release|Any CPU.Build.0 = Release|Any CPU
	EndGlobalSection
	GlobalSection(SolutionProperties) = preSolution
		HideSolutionNode = FALSE
	EndGlobalSection
	GlobalSection(ExtensibilityGlobals) = postSolution
		SolutionGuid = {2643B0B5-BA33-4A57-BE8F-EF7581D408D2}
	EndGlobalSection
EndGlobal
